# This file is automatically generated by Poetry and should not be changed by hand.
# This is a placeholder file. Run 'poetry install' to generate the actual lock file.

[[package]]
name = "placeholder"
version = "0.0.0"
description = "Placeholder package"
category = "main"
optional = false
python-versions = "*"

[metadata]
lock-version = "2.0"
python-versions = "^3.11"
content-hash = "placeholder"